
Microsoft Visual Studio Solution File, Format Version 12.00
Project("{2150E333-8FDC-42A3-9474-1A3956D46DE8}") = "Solution Items", "Solution Items", "{ED25E7C2-FF60-4C1D-B57A-77A447CFF8EA}"
	ProjectSection(SolutionItems) = preProject
		compose.yaml = compose.yaml
	EndProjectSection
EndProject
Project("{FAE04EC0-301F-11D3-BF4B-00C04F79EFBC}") = "Api", "src\Api\Api.csproj", "{12B63FAD-E616-4AC1-841A-E27109DE38EC}"
EndProject
Project("{FAE04EC0-301F-11D3-BF4B-00C04F79EFBC}") = "Infrastructure", "src\Infrastructure\Infrastructure.csproj", "{80ED9410-5C47-48FE-9362-1FAFF8563638}"
EndProject
Project("{FAE04EC0-301F-11D3-BF4B-00C04F79EFBC}") = "Application", "src\Application\Application.csproj", "{B44B0DB6-C633-454A-93B0-B0EAA0115546}"
EndProject
Global
	GlobalSection(SolutionConfigurationPlatforms) = preSolution
		Debug|Any CPU = Debug|Any CPU
		Release|Any CPU = Release|Any CPU
	EndGlobalSection
	GlobalSection(ProjectConfigurationPlatforms) = postSolution
		{12B63FAD-E616-4AC1-841A-E27109DE38EC}.Debug|Any CPU.ActiveCfg = Debug|Any CPU
		{12B63FAD-E616-4AC1-841A-E27109DE38EC}.Debug|Any CPU.Build.0 = Debug|Any CPU
		{12B63FAD-E616-4AC1-841A-E27109DE38EC}.Release|Any CPU.ActiveCfg = Release|Any CPU
		{12B63FAD-E616-4AC1-841A-E27109DE38EC}.Release|Any CPU.Build.0 = Release|Any CPU
		{80ED9410-5C47-48FE-9362-1FAFF8563638}.Debug|Any CPU.ActiveCfg = Debug|Any CPU
		{80ED9410-5C47-48FE-9362-1FAFF8563638}.Debug|Any CPU.Build.0 = Debug|Any CPU
		{80ED9410-5C47-48FE-9362-1FAFF8563638}.Release|Any CPU.ActiveCfg = Release|Any CPU
		{80ED9410-5C47-48FE-9362-1FAFF8563638}.Release|Any CPU.Build.0 = Release|Any CPU
		{B44B0DB6-C633-454A-93B0-B0EAA0115546}.Debug|Any CPU.ActiveCfg = Debug|Any CPU
		{B44B0DB6-C633-454A-93B0-B0EAA0115546}.Debug|Any CPU.Build.0 = Debug|Any CPU
		{B44B0DB6-C633-454A-93B0-B0EAA0115546}.Release|Any CPU.ActiveCfg = Release|Any CPU
		{B44B0DB6-C633-454A-93B0-B0EAA0115546}.Release|Any CPU.Build.0 = Release|Any CPU
	EndGlobalSection
EndGlobal
